
Microsoft Visual Studio Solution File, Format Version 12.00
# Visual Studio Version 18
VisualStudioVersion = 18.2.11415.280 d18.0
MinimumVisualStudioVersion = 10.0.40219.1
Project("{FAE04EC0-301F-11D3-BF4B-00C04F79EFBC}") = "Logistics.DbMerger", "Logistics.DbMerger.csproj", "{B0D603C6-1D61-E568-53D1-3584FD435B0F}"
EndProject
Global
	GlobalSection(SolutionConfigurationPlatforms) = preSolution
		Debug|Any CPU = Debug|Any CPU
		Release|Any CPU = Release|Any CPU
	EndGlobalSection
	GlobalSection(ProjectConfigurationPlatforms) = postSolution
		{B0D603C6-1D61-E568-53D1-3584FD435B0F}.Debug|Any CPU.ActiveCfg = Debug|Any CPU
		{B0D603C6-1D61-E568-53D1-3584FD435B0F}.Debug|Any CPU.Build.0 = Debug|Any CPU
		{B0D603C6-1D61-E568-53D1-3584FD435B0F}.Release|Any CPU.ActiveCfg = Release|Any CPU
		{B0D603C6-1D61-E568-53D1-3584FD435B0F}.Release|Any CPU.Build.0 = Release|Any CPU
	EndGlobalSection
	GlobalSection(SolutionProperties) = preSolution
		HideSolutionNode = FALSE
	EndGlobalSection
	GlobalSection(ExtensibilityGlobals) = postSolution
		SolutionGuid = {B7983FFB-8BED-415D-8414-8FBD764C05AD}
	EndGlobalSection
EndGlobal
